
Microsoft Visual Studio Solution File, Format Version 12.00
# Visual Studio Version 17
VisualStudioVersion = 17.5.2.0
MinimumVisualStudioVersion = 10.0.40219.1
Project("{2150E333-8FDC-42A3-9474-1A3956D46DE8}") = "Assignments", "Assignments", "{39D37D13-1A77-DB53-501B-8CF36D38B79E}"
EndProject
Project("{FAE04EC0-301F-11D3-BF4B-00C04F79EFBC}") = "LMS", "Assignments\LMS\LMS.csproj", "{76B6A786-D32E-CBF5-E3AD-55E56379A576}"
EndProject
Project("{2150E333-8FDC-42A3-9474-1A3956D46DE8}") = "Projects", "Projects", "{17245595-230B-9055-A944-863F0DDDA8E8}"
EndProject
Project("{FAE04EC0-301F-11D3-BF4B-00C04F79EFBC}") = "VehicleRental", "Projects\VehicleRental\VehicleRental.csproj", "{D295E765-8CB1-4406-8EA3-FC3613067FC9}"
EndProject
Global
	GlobalSection(SolutionConfigurationPlatforms) = preSolution
		Debug|Any CPU = Debug|Any CPU
		Debug|x64 = Debug|x64
		Debug|x86 = Debug|x86
		Release|Any CPU = Release|Any CPU
		Release|x64 = Release|x64
		Release|x86 = Release|x86
	EndGlobalSection
	GlobalSection(ProjectConfigurationPlatforms) = postSolution
		{76B6A786-D32E-CBF5-E3AD-55E56379A576}.Debug|Any CPU.ActiveCfg = Debug|Any CPU
		{76B6A786-D32E-CBF5-E3AD-55E56379A576}.Debug|Any CPU.Build.0 = Debug|Any CPU
		{76B6A786-D32E-CBF5-E3AD-55E56379A576}.Debug|x64.ActiveCfg = Debug|Any CPU
		{76B6A786-D32E-CBF5-E3AD-55E56379A576}.Debug|x64.Build.0 = Debug|Any CPU
		{76B6A786-D32E-CBF5-E3AD-55E56379A576}.Debug|x86.ActiveCfg = Debug|Any CPU
		{76B6A786-D32E-CBF5-E3AD-55E56379A576}.Debug|x86.Build.0 = Debug|Any CPU
		{76B6A786-D32E-CBF5-E3AD-55E56379A576}.Release|Any CPU.ActiveCfg = Release|Any CPU
		{76B6A786-D32E-CBF5-E3AD-55E56379A576}.Release|Any CPU.Build.0 = Release|Any CPU
		{76B6A786-D32E-CBF5-E3AD-55E56379A576}.Release|x64.ActiveCfg = Release|Any CPU
		{76B6A786-D32E-CBF5-E3AD-55E56379A576}.Release|x64.Build.0 = Release|Any CPU
		{76B6A786-D32E-CBF5-E3AD-55E56379A576}.Release|x86.ActiveCfg = Release|Any CPU
		{76B6A786-D32E-CBF5-E3AD-55E56379A576}.Release|x86.Build.0 = Release|Any CPU
		{D295E765-8CB1-4406-8EA3-FC3613067FC9}.Debug|Any CPU.ActiveCfg = Debug|Any CPU
		{D295E765-8CB1-4406-8EA3-FC3613067FC9}.Debug|Any CPU.Build.0 = Debug|Any CPU
		{D295E765-8CB1-4406-8EA3-FC3613067FC9}.Debug|x64.ActiveCfg = Debug|Any CPU
		{D295E765-8CB1-4406-8EA3-FC3613067FC9}.Debug|x64.Build.0 = Debug|Any CPU
		{D295E765-8CB1-4406-8EA3-FC3613067FC9}.Debug|x86.ActiveCfg = Debug|Any CPU
		{D295E765-8CB1-4406-8EA3-FC3613067FC9}.Debug|x86.Build.0 = Debug|Any CPU
		{D295E765-8CB1-4406-8EA3-FC3613067FC9}.Release|Any CPU.ActiveCfg = Release|Any CPU
		{D295E765-8CB1-4406-8EA3-FC3613067FC9}.Release|Any CPU.Build.0 = Release|Any CPU
		{D295E765-8CB1-4406-8EA3-FC3613067FC9}.Release|x64.ActiveCfg = Release|Any CPU
		{D295E765-8CB1-4406-8EA3-FC3613067FC9}.Release|x64.Build.0 = Release|Any CPU
		{D295E765-8CB1-4406-8EA3-FC3613067FC9}.Release|x86.ActiveCfg = Release|Any CPU
		{D295E765-8CB1-4406-8EA3-FC3613067FC9}.Release|x86.Build.0 = Release|Any CPU
	EndGlobalSection
	GlobalSection(SolutionProperties) = preSolution
		HideSolutionNode = FALSE
	EndGlobalSection
	GlobalSection(NestedProjects) = preSolution
		{76B6A786-D32E-CBF5-E3AD-55E56379A576} = {39D37D13-1A77-DB53-501B-8CF36D38B79E}
		{D295E765-8CB1-4406-8EA3-FC3613067FC9} = {17245595-230B-9055-A944-863F0DDDA8E8}
	EndGlobalSection
	GlobalSection(ExtensibilityGlobals) = postSolution
		SolutionGuid = {5E5FB420-B308-4153-9DD4-D9FE1D480D5D}
	EndGlobalSection
EndGlobal
